# This file was autogenerated by Stack.
# You should not edit this file by hand.
# For more information, please see the documentation at:
#   https://docs.haskellstack.org/en/stable/lock_files

packages:
- completed:
    hackage: lua-2.2.1@sha256:667516181cf9b21ecc7b17509feb01f70aa6b4543eafafc86fcd64437d0cb60d,7499
    pantry-tree:
      sha256: b85f8d40c0d6d6767f475312c4feac03b5585ca2363b54d9d0b4750af52da61d
      size: 5507
  original:
    hackage: lua-2.2.1
- completed:
    hackage: hslua-core-2.2.1@sha256:7a1e409e49c95ae2c9fd969d6519f090a418e14889acaabb1c5f7ad9d1257cdc,4306
    pantry-tree:
      sha256: c2f79ce60694fe65d9346aedeb17377c78bc383ddddfe355b0ca1bc7809871aa
      size: 2069
  original:
    hackage: hslua-core-2.2.1
- completed:
    hackage: hslua-marshalling-2.2.1@sha256:fd7052daf58cf218734082a41867c0da4e256d7b1e2463088e054ecc8963366f,3907
    pantry-tree:
      sha256: e6459c3bf40d57df3350174031e72d3e250d397d534bc480d7940158ba4bc0e9
      size: 1023
  original:
    hackage: hslua-marshalling-2.2.1
- completed:
    hackage: hslua-objectorientation-2.2.1@sha256:0a7703080502e1e40f74db581fbaac963ce12691f30ae3e2129055723ade15a9,3408
    pantry-tree:
      sha256: 5c6b6bf5c7577ddaa2471a129ecdb6159a9fec9c7ae75e3513c14d04b20b912c
      size: 585
  original:
    hackage: hslua-objectorientation-2.2.1
- completed:
    hackage: hslua-packaging-2.2.1@sha256:bb63fb69d4c1dfb5fcaecd36714ab666abef427d31bcace8939fe5547c39db4c,3706
    pantry-tree:
      sha256: bf2832625771d6f512843b5d48b692ffa2bcc9f27defd20a6a70933bef72ad7c
      size: 1312
  original:
    hackage: hslua-packaging-2.2.1
- completed:
    hackage: hslua-classes-2.2.0@sha256:a76550e77d82f0daecf0f110e14ce0bdf92c799a61aec8f448ce8a92f8d936cd,3828
    pantry-tree:
      sha256: 8d4679ef1cc4b2b3ec5bf47a13809a774f16471982185704f8f93293c6b7a265
      size: 1113
  original:
    hackage: hslua-classes-2.2.0
- completed:
    hackage: bytestring-0.10.12.0@sha256:3756939e46a9adb9cd5654442e7a44f53d0ad94fca8a9ad7029cc28fa6b0a081,6070
    pantry-tree:
      sha256: 4e979f335e85ccb677f171f1e8e4d1139c8bc4e3ace7fb1fdf9bdffe9b0d9287
      size: 2140
  original:
    hackage: bytestring-0.10.12.0
- completed:
    hackage: transformers-0.5.6.2@sha256:6c959d14430f4deffb99579ba019de07c3d852a2122b6f449344386c7d75ff1d,3172
    pantry-tree:
      sha256: c79246ba7d61392c2f214376fed3c2a05e4b2649b93ec2c849a86493f278ace0
      size: 2512
  original:
    hackage: transformers-0.5.6.2
snapshots:
- completed:
    sha256: 428ec8d5ce932190d3cbe266b9eb3c175cd81e984babf876b64019e2cbe4ea68
    size: 590100
    url: https://mirrors.tuna.tsinghua.edu.cn/stackage/stackage-snapshots/lts/18/28.yaml
  original: lts-18.28
